
Microsoft Visual Studio Solution File, Format Version 12.00
# Visual Studio Version 16
VisualStudioVersion = 16.0.29806.167
MinimumVisualStudioVersion = 10.0.40219.1
Project("{FAE04EC0-301F-11D3-BF4B-00C04F79EFBC}") = "LEct_7", "LEct_7\LEct_7.csproj", "{28B28D4F-2506-4F4C-898A-7631E6F3B777}"
EndProject
Global
	GlobalSection(SolutionConfigurationPlatforms) = preSolution
		Debug|Any CPU = Debug|Any CPU
		Release|Any CPU = Release|Any CPU
	EndGlobalSection
	GlobalSection(ProjectConfigurationPlatforms) = postSolution
		{28B28D4F-2506-4F4C-898A-7631E6F3B777}.Debug|Any CPU.ActiveCfg = Debug|Any CPU
		{28B28D4F-2506-4F4C-898A-7631E6F3B777}.Debug|Any CPU.Build.0 = Debug|Any CPU
		{28B28D4F-2506-4F4C-898A-7631E6F3B777}.Release|Any CPU.ActiveCfg = Release|Any CPU
		{28B28D4F-2506-4F4C-898A-7631E6F3B777}.Release|Any CPU.Build.0 = Release|Any CPU
	EndGlobalSection
	GlobalSection(SolutionProperties) = preSolution
		HideSolutionNode = FALSE
	EndGlobalSection
	GlobalSection(ExtensibilityGlobals) = postSolution
		SolutionGuid = {EB3AD95F-387D-48E1-BDB2-BF866F55FE9E}
	EndGlobalSection
EndGlobal
